Microsoft Visual Studio Solution File, Format Version 12.00
# Visual Studio Version 17
VisualStudioVersion = 17.5.2.0
MinimumVisualStudioVersion = 10.0.40219.1
Project("{FAE04EC0-301F-11D3-BF4B-00C04F79EFBC}") = "FinTrack", "FinTrack\FinTrack.csproj", "{75073BBA-B160-D559-40F5-F4DB9B66BB3E}"
EndProject
Global
	GlobalSection(SolutionConfigurationPlatforms) = preSolution
		Debug|Any CPU = Debug|Any CPU
		Release|Any CPU = Release|Any CPU
	EndGlobalSection
	GlobalSection(ProjectConfigurationPlatforms) = postSolution
		{75073BBA-B160-D559-40F5-F4DB9B66BB3E}.Debug|Any CPU.ActiveCfg = Debug|Any CPU
		{75073BBA-B160-D559-40F5-F4DB9B66BB3E}.Debug|Any CPU.Build.0 = Debug|Any CPU
		{75073BBA-B160-D559-40F5-F4DB9B66BB3E}.Release|Any CPU.ActiveCfg = Release|Any CPU
		{75073BBA-B160-D559-40F5-F4DB9B66BB3E}.Release|Any CPU.Build.0 = Release|Any CPU
	EndGlobalSection
	GlobalSection(SolutionProperties) = preSolution
		HideSolutionNode = FALSE
	EndGlobalSection
	GlobalSection(ExtensibilityGlobals) = postSolution
		SolutionGuid = {174A0A2B-8266-45BE-971C-E00B68C2EE9E}
	EndGlobalSection
EndGlobal
